
Microsoft Visual Studio Solution File, Format Version 12.00
# Visual Studio Version 17
VisualStudioVersion = 17.4.32804.182
MinimumVisualStudioVersion = 10.0.40219.1
Project("{FAE04EC0-301F-11D3-BF4B-00C04F79EFBC}") = "MetaBenchmark", "MetaBenchmark\MetaBenchmark.csproj", "{C3BC34EC-288F-4E59-8E33-6C7003654C37}"
EndProject
Global
	GlobalSection(SolutionConfigurationPlatforms) = preSolution
		Debug|Any CPU = Debug|Any CPU
		Release|Any CPU = Release|Any CPU
	EndGlobalSection
	GlobalSection(ProjectConfigurationPlatforms) = postSolution
		{C3BC34EC-288F-4E59-8E33-6C7003654C37}.Debug|Any CPU.ActiveCfg = Debug|Any CPU
		{C3BC34EC-288F-4E59-8E33-6C7003654C37}.Debug|Any CPU.Build.0 = Debug|Any CPU
		{C3BC34EC-288F-4E59-8E33-6C7003654C37}.Release|Any CPU.ActiveCfg = Release|Any CPU
		{C3BC34EC-288F-4E59-8E33-6C7003654C37}.Release|Any CPU.Build.0 = Release|Any CPU
	EndGlobalSection
	GlobalSection(SolutionProperties) = preSolution
		HideSolutionNode = FALSE
	EndGlobalSection
	GlobalSection(ExtensibilityGlobals) = postSolution
		SolutionGuid = {7FEC7BA5-7C0B-454D-BB73-DCE8599DA76F}
	EndGlobalSection
EndGlobal
