
Microsoft Visual Studio Solution File, Format Version 12.00
# Visual Studio Version 17
VisualStudioVersion = 17.0.31612.314
MinimumVisualStudioVersion = 10.0.40219.1
Project("{9A19103F-16F7-4668-BE54-9A1E7A4F7556}") = "MetaBenchmark.Server", "MetaBenchmark\Server\MetaBenchmark.Server.csproj", "{72440237-EFB1-4AD8-B488-01052986719B}"
EndProject
Project("{9A19103F-16F7-4668-BE54-9A1E7A4F7556}") = "MetaBenchmark.Client", "MetaBenchmark\Client\MetaBenchmark.Client.csproj", "{B0392280-3E9E-4443-90F2-7CFB843745BD}"
EndProject
Project("{9A19103F-16F7-4668-BE54-9A1E7A4F7556}") = "MetaBenchmark.Shared", "MetaBenchmark\Shared\MetaBenchmark.Shared.csproj", "{A412AC29-C4C0-4429-8B5C-31D352090147}"
EndProject
Project("{E53339B2-1760-4266-BCC7-CA923CBCF16C}") = "docker-compose", "docker-compose.dcproj", "{91D0A5E7-6B5F-4C99-A126-8ACB53720468}"
EndProject
Global
	GlobalSection(SolutionConfigurationPlatforms) = preSolution
		Debug|Any CPU = Debug|Any CPU
		Release|Any CPU = Release|Any CPU
	EndGlobalSection
	GlobalSection(ProjectConfigurationPlatforms) = postSolution
		{72440237-EFB1-4AD8-B488-01052986719B}.Debug|Any CPU.ActiveCfg = Debug|Any CPU
		{72440237-EFB1-4AD8-B488-01052986719B}.Debug|Any CPU.Build.0 = Debug|Any CPU
		{72440237-EFB1-4AD8-B488-01052986719B}.Release|Any CPU.ActiveCfg = Release|Any CPU
		{72440237-EFB1-4AD8-B488-01052986719B}.Release|Any CPU.Build.0 = Release|Any CPU
		{B0392280-3E9E-4443-90F2-7CFB843745BD}.Debug|Any CPU.ActiveCfg = Debug|Any CPU
		{B0392280-3E9E-4443-90F2-7CFB843745BD}.Debug|Any CPU.Build.0 = Debug|Any CPU
		{B0392280-3E9E-4443-90F2-7CFB843745BD}.Release|Any CPU.ActiveCfg = Release|Any CPU
		{B0392280-3E9E-4443-90F2-7CFB843745BD}.Release|Any CPU.Build.0 = Release|Any CPU
		{A412AC29-C4C0-4429-8B5C-31D352090147}.Debug|Any CPU.ActiveCfg = Debug|Any CPU
		{A412AC29-C4C0-4429-8B5C-31D352090147}.Debug|Any CPU.Build.0 = Debug|Any CPU
		{A412AC29-C4C0-4429-8B5C-31D352090147}.Release|Any CPU.ActiveCfg = Release|Any CPU
		{A412AC29-C4C0-4429-8B5C-31D352090147}.Release|Any CPU.Build.0 = Release|Any CPU
		{91D0A5E7-6B5F-4C99-A126-8ACB53720468}.Debug|Any CPU.ActiveCfg = Debug|Any CPU
		{91D0A5E7-6B5F-4C99-A126-8ACB53720468}.Debug|Any CPU.Build.0 = Debug|Any CPU
		{91D0A5E7-6B5F-4C99-A126-8ACB53720468}.Release|Any CPU.ActiveCfg = Release|Any CPU
		{91D0A5E7-6B5F-4C99-A126-8ACB53720468}.Release|Any CPU.Build.0 = Release|Any CPU
	EndGlobalSection
	GlobalSection(SolutionProperties) = preSolution
		HideSolutionNode = FALSE
	EndGlobalSection
	GlobalSection(ExtensibilityGlobals) = postSolution
		SolutionGuid = {B294F85F-1D78-4FAC-86AF-DEE2FB297BF0}
	EndGlobalSection
EndGlobal
